
Microsoft Visual Studio Solution File, Format Version 12.00
# Visual Studio 15
VisualStudioVersion = 15.0.27703.2047
MinimumVisualStudioVersion = 10.0.40219.1
Project("{8BC9CEB8-8B4A-11D0-8D11-00A0C91BC942}") = "DynCam", "DynCam\DynCam.vcxproj", "{FF6A851F-ECB3-432C-8418-76EF144E236A}"
EndProject
Global
	GlobalSection(SolutionConfigurationPlatforms) = preSolution
		Debug|x86 = Debug|x86
		Release|x86 = Release|x86
	EndGlobalSection
	GlobalSection(ProjectConfigurationPlatforms) = postSolution
		{FF6A851F-ECB3-432C-8418-76EF144E236A}.Debug|x86.ActiveCfg = Debug|Win32
		{FF6A851F-ECB3-432C-8418-76EF144E236A}.Debug|x86.Build.0 = Debug|Win32
		{FF6A851F-ECB3-432C-8418-76EF144E236A}.Release|x86.ActiveCfg = Release|Win32
		{FF6A851F-ECB3-432C-8418-76EF144E236A}.Release|x86.Build.0 = Release|Win32
	EndGlobalSection
	GlobalSection(SolutionProperties) = preSolution
		HideSolutionNode = FALSE
	EndGlobalSection
	GlobalSection(ExtensibilityGlobals) = postSolution
		SolutionGuid = {2990A012-C324-4128-9A43-4C0898FB19F3}
	EndGlobalSection
EndGlobal
